
Microsoft Visual Studio Solution File, Format Version 12.00
# Visual Studio Version 16
VisualStudioVersion = 16.0.31313.79
MinimumVisualStudioVersion = 10.0.40219.1
Project("{FAE04EC0-301F-11D3-BF4B-00C04F79EFBC}") = "Aplicativo Automóviles", "Aplicativo Automóviles.csproj", "{B43C455C-4845-4EC0-9CE6-237B69AD3489}"
EndProject
Global
	GlobalSection(SolutionConfigurationPlatforms) = preSolution
		Debug|Any CPU = Debug|Any CPU
		Release|Any CPU = Release|Any CPU
	EndGlobalSection
	GlobalSection(ProjectConfigurationPlatforms) = postSolution
		{B43C455C-4845-4EC0-9CE6-237B69AD3489}.Debug|Any CPU.ActiveCfg = Debug|Any CPU
		{B43C455C-4845-4EC0-9CE6-237B69AD3489}.Debug|Any CPU.Build.0 = Debug|Any CPU
		{B43C455C-4845-4EC0-9CE6-237B69AD3489}.Release|Any CPU.ActiveCfg = Release|Any CPU
		{B43C455C-4845-4EC0-9CE6-237B69AD3489}.Release|Any CPU.Build.0 = Release|Any CPU
	EndGlobalSection
	GlobalSection(SolutionProperties) = preSolution
		HideSolutionNode = FALSE
	EndGlobalSection
	GlobalSection(ExtensibilityGlobals) = postSolution
		SolutionGuid = {E9B93CB0-04B3-4893-9911-4820E589BF20}
	EndGlobalSection
EndGlobal
